
Microsoft Visual Studio Solution File, Format Version 12.00
# Visual Studio 2013
VisualStudioVersion = 12.0.31101.0
MinimumVisualStudioVersion = 10.0.40219.1
Project("{FAE04EC0-301F-11D3-BF4B-00C04F79EFBC}") = "engine", "engine\engine.csproj", "{B6AADACA-0EFE-4157-8A28-DA8B93C706C1}"
EndProject
Project("{FAE04EC0-301F-11D3-BF4B-00C04F79EFBC}") = "types", "types\types.csproj", "{8B605E9C-167D-4A71-8B58-F1D3CB187E45}"
EndProject
Project("{FAE04EC0-301F-11D3-BF4B-00C04F79EFBC}") = "common", "common\common.csproj", "{D24CBE2E-F1AD-43CA-A58B-0329F9D96C19}"
EndProject
Project("{FAE04EC0-301F-11D3-BF4B-00C04F79EFBC}") = "data", "data\data.csproj", "{0897CB19-2CDF-478B-8265-FDAFEFB50928}"
EndProject
Project("{FAE04EC0-301F-11D3-BF4B-00C04F79EFBC}") = "test", "test\test.csproj", "{2F08EE1B-2D13-45A3-97CE-D38D766B9484}"
EndProject
Project("{2150E333-8FDC-42A3-9474-1A3956D46DE8}") = "Solution Items", "Solution Items", "{F715E3BC-A728-477D-ACDA-EBF866661B18}"
	ProjectSection(SolutionItems) = preProject
		ReadMe.md = ReadMe.md
	EndProjectSection
EndProject
Project("{FAE04EC0-301F-11D3-BF4B-00C04F79EFBC}") = "data-tests", "data-tests\data-tests.csproj", "{8E91860A-2FE4-46ED-8B73-8CE452196493}"
EndProject
Project("{2150E333-8FDC-42A3-9474-1A3956D46DE8}") = "Tests", "Tests", "{9BA22E8B-9CD6-48A0-B9F9-E6F7F8EA6ACF}"
EndProject
Project("{2150E333-8FDC-42A3-9474-1A3956D46DE8}") = "Web Site", "Web Site", "{ACB7C493-AFB6-4CB0-99B8-D9374C5437A0}"
EndProject
Project("{FAE04EC0-301F-11D3-BF4B-00C04F79EFBC}") = "site.tests", "site.tests\site.tests.csproj", "{AE4B85DE-5EEB-452F-A294-73CCCAD7DC50}"
EndProject
Project("{FAE04EC0-301F-11D3-BF4B-00C04F79EFBC}") = "site.code", "site.code\site.code.csproj", "{EB4D839F-9566-4F65-9067-E20841F6744D}"
EndProject
Project("{FAE04EC0-301F-11D3-BF4B-00C04F79EFBC}") = "test-common", "test-common\test-common.csproj", "{90FF2B04-2887-4658-83B1-183304987AD7}"
EndProject
Project("{FAE04EC0-301F-11D3-BF4B-00C04F79EFBC}") = "echo-console", "echo-console\echo-console.csproj", "{F72E2D48-C7AE-49C5-AD72-1DA8F17A0BFE}"
EndProject
Global
	GlobalSection(SolutionConfigurationPlatforms) = preSolution
		Debug|Any CPU = Debug|Any CPU
		Release|Any CPU = Release|Any CPU
	EndGlobalSection
	GlobalSection(ProjectConfigurationPlatforms) = postSolution
		{B6AADACA-0EFE-4157-8A28-DA8B93C706C1}.Debug|Any CPU.ActiveCfg = Debug|Any CPU
		{B6AADACA-0EFE-4157-8A28-DA8B93C706C1}.Debug|Any CPU.Build.0 = Debug|Any CPU
		{B6AADACA-0EFE-4157-8A28-DA8B93C706C1}.Release|Any CPU.ActiveCfg = Release|Any CPU
		{B6AADACA-0EFE-4157-8A28-DA8B93C706C1}.Release|Any CPU.Build.0 = Release|Any CPU
		{8B605E9C-167D-4A71-8B58-F1D3CB187E45}.Debug|Any CPU.ActiveCfg = Debug|Any CPU
		{8B605E9C-167D-4A71-8B58-F1D3CB187E45}.Debug|Any CPU.Build.0 = Debug|Any CPU
		{8B605E9C-167D-4A71-8B58-F1D3CB187E45}.Release|Any CPU.ActiveCfg = Release|Any CPU
		{8B605E9C-167D-4A71-8B58-F1D3CB187E45}.Release|Any CPU.Build.0 = Release|Any CPU
		{D24CBE2E-F1AD-43CA-A58B-0329F9D96C19}.Debug|Any CPU.ActiveCfg = Debug|Any CPU
		{D24CBE2E-F1AD-43CA-A58B-0329F9D96C19}.Debug|Any CPU.Build.0 = Debug|Any CPU
		{D24CBE2E-F1AD-43CA-A58B-0329F9D96C19}.Release|Any CPU.ActiveCfg = Release|Any CPU
		{D24CBE2E-F1AD-43CA-A58B-0329F9D96C19}.Release|Any CPU.Build.0 = Release|Any CPU
		{0897CB19-2CDF-478B-8265-FDAFEFB50928}.Debug|Any CPU.ActiveCfg = Debug|Any CPU
		{0897CB19-2CDF-478B-8265-FDAFEFB50928}.Debug|Any CPU.Build.0 = Debug|Any CPU
		{0897CB19-2CDF-478B-8265-FDAFEFB50928}.Release|Any CPU.ActiveCfg = Release|Any CPU
		{0897CB19-2CDF-478B-8265-FDAFEFB50928}.Release|Any CPU.Build.0 = Release|Any CPU
		{2F08EE1B-2D13-45A3-97CE-D38D766B9484}.Debug|Any CPU.ActiveCfg = Debug|Any CPU
		{2F08EE1B-2D13-45A3-97CE-D38D766B9484}.Debug|Any CPU.Build.0 = Debug|Any CPU
		{2F08EE1B-2D13-45A3-97CE-D38D766B9484}.Release|Any CPU.ActiveCfg = Release|Any CPU
		{2F08EE1B-2D13-45A3-97CE-D38D766B9484}.Release|Any CPU.Build.0 = Release|Any CPU
		{8E91860A-2FE4-46ED-8B73-8CE452196493}.Debug|Any CPU.ActiveCfg = Debug|Any CPU
		{8E91860A-2FE4-46ED-8B73-8CE452196493}.Debug|Any CPU.Build.0 = Debug|Any CPU
		{8E91860A-2FE4-46ED-8B73-8CE452196493}.Release|Any CPU.ActiveCfg = Release|Any CPU
		{8E91860A-2FE4-46ED-8B73-8CE452196493}.Release|Any CPU.Build.0 = Release|Any CPU
		{AE4B85DE-5EEB-452F-A294-73CCCAD7DC50}.Debug|Any CPU.ActiveCfg = Debug|Any CPU
		{AE4B85DE-5EEB-452F-A294-73CCCAD7DC50}.Debug|Any CPU.Build.0 = Debug|Any CPU
		{AE4B85DE-5EEB-452F-A294-73CCCAD7DC50}.Release|Any CPU.ActiveCfg = Release|Any CPU
		{AE4B85DE-5EEB-452F-A294-73CCCAD7DC50}.Release|Any CPU.Build.0 = Release|Any CPU
		{EB4D839F-9566-4F65-9067-E20841F6744D}.Debug|Any CPU.ActiveCfg = Debug|Any CPU
		{EB4D839F-9566-4F65-9067-E20841F6744D}.Debug|Any CPU.Build.0 = Debug|Any CPU
		{EB4D839F-9566-4F65-9067-E20841F6744D}.Release|Any CPU.ActiveCfg = Release|Any CPU
		{EB4D839F-9566-4F65-9067-E20841F6744D}.Release|Any CPU.Build.0 = Release|Any CPU
		{90FF2B04-2887-4658-83B1-183304987AD7}.Debug|Any CPU.ActiveCfg = Debug|Any CPU
		{90FF2B04-2887-4658-83B1-183304987AD7}.Debug|Any CPU.Build.0 = Debug|Any CPU
		{90FF2B04-2887-4658-83B1-183304987AD7}.Release|Any CPU.ActiveCfg = Release|Any CPU
		{90FF2B04-2887-4658-83B1-183304987AD7}.Release|Any CPU.Build.0 = Release|Any CPU
		{F72E2D48-C7AE-49C5-AD72-1DA8F17A0BFE}.Debug|Any CPU.ActiveCfg = Debug|Any CPU
		{F72E2D48-C7AE-49C5-AD72-1DA8F17A0BFE}.Debug|Any CPU.Build.0 = Debug|Any CPU
		{F72E2D48-C7AE-49C5-AD72-1DA8F17A0BFE}.Release|Any CPU.ActiveCfg = Release|Any CPU
		{F72E2D48-C7AE-49C5-AD72-1DA8F17A0BFE}.Release|Any CPU.Build.0 = Release|Any CPU
	EndGlobalSection
	GlobalSection(SolutionProperties) = preSolution
		HideSolutionNode = FALSE
	EndGlobalSection
	GlobalSection(NestedProjects) = preSolution
		{2F08EE1B-2D13-45A3-97CE-D38D766B9484} = {9BA22E8B-9CD6-48A0-B9F9-E6F7F8EA6ACF}
		{8E91860A-2FE4-46ED-8B73-8CE452196493} = {9BA22E8B-9CD6-48A0-B9F9-E6F7F8EA6ACF}
		{AE4B85DE-5EEB-452F-A294-73CCCAD7DC50} = {ACB7C493-AFB6-4CB0-99B8-D9374C5437A0}
		{EB4D839F-9566-4F65-9067-E20841F6744D} = {ACB7C493-AFB6-4CB0-99B8-D9374C5437A0}
		{90FF2B04-2887-4658-83B1-183304987AD7} = {9BA22E8B-9CD6-48A0-B9F9-E6F7F8EA6ACF}
		{F72E2D48-C7AE-49C5-AD72-1DA8F17A0BFE} = {9BA22E8B-9CD6-48A0-B9F9-E6F7F8EA6ACF}
	EndGlobalSection
EndGlobal
